version = 1
revision = 3
requires-python = ">=3.12"

[[package]]
name = "bleach"
version = "6.4.0"
source = { registry = "https://pypi.org/simple" }
dependencies = [
    { name = "webencodings" },
]
sdist = { url = "https://files.pythonhosted.org/packages/48/3c/e12ac860709702bd5ebeb9b56a4fe334f1001246ee1b8f2b7ee28912df7d/bleach-6.4.0.tar.gz", hash = "sha256:4202482733d85cedd04e59fcb2f89f4e4c7c385a78d3c3c23c30446843a37452", size = 204857, upload-time = "2026-06-05T13:01:13.734Z" }
wheels = [
    { url = "https://files.pythonhosted.org/packages/58/9d/40b6267367182187139a4000b82a3b287d84d745bccd808e75d916920e9d/bleach-6.4.0-py3-none-any.whl", hash = "sha256:4b6b6a54fff2e69a3dde9d21cc6301220bee3c3cb792187d11403fd795031081", size = 165109, upload-time = "2026-06-05T13:01:12.504Z" },
]

[[package]]
name = "vita-npd-server"
version = "0.1.0"
source = { editable = "." }
dependencies = [
    { name = "bleach" },
]

[package.metadata]
requires-dist = [{ name = "bleach", specifier = ">=6.4.0" }]

[[package]]
name = "webencodings"
version = "0.5.1"
source = { registry = "https://pypi.org/simple" }
sdist = { url = "https://files.pythonhosted.org/packages/0b/02/ae6ceac1baeda530866a85075641cec12989bd8d31af6d5ab4a3e8c92f47/webencodings-0.5.1.tar.gz", hash = "sha256:b36a1c245f2d304965eb4e0a82848379241dc04b865afcc4aab16748587e1923", size = 9721, upload-time = "2017-04-05T20:21:34.189Z" }
wheels = [
    { url = "https://files.pythonhosted.org/packages/f4/24/2a3e3df732393fed8b3ebf2ec078f05546de641fe1b667ee316ec1dcf3b7/webencodings-0.5.1-py2.py3-none-any.whl", hash = "sha256:a0af1213f3c2226497a97e2b3aa01a7e4bee4f403f95be16fc9acd2947514a78", size = 11774, upload-time = "2017-04-05T20:21:32.581Z" },
]
